// !$*UTF8*$!
{
	archiveVersion = 1;
	classes = {
	};
	objectVersion = 50;
	objects = {

/* Begin PBXBuildFile section */
		2508F17CC7F37A7307BCE1C9 /* Pods_tinytap.framework in Frameworks */ = {isa = PBXBuildFile; fileRef = 4CBEF972EC38E168D7F7F957 /* Pods_tinytap.framework */; };
		95E8CDD9217F4DC300C4C164 /* AppDelegate.swift in Sources */ = {isa = PBXBuildFile; fileRef = 95E8CDD8217F4DC300C4C164 /* AppDelegate.swift */; };
		95E8CDDB217F4DC300C4C164 /* ViewController.swift in Sources */ = {isa = PBXBuildFile; fileRef = 95E8CDDA217F4DC300C4C164 /* ViewController.swift */; };
		95E8CDDE217F4DC300C4C164 /* Main.storyboard in Resources */ = {isa = PBXBuildFile; fileRef = 95E8CDDC217F4DC300C4C164 /* Main.storyboard */; };
		95E8CDE0217F4DC500C4C164 /* Assets.xcassets in Resources */ = {isa = PBXBuildFile; fileRef = 95E8CDDF217F4DC500C4C164 /* Assets.xcassets */; };
		95E8CDE3217F4DC500C4C164 /* LaunchScreen.storyboard in Resources */ = {isa = PBXBuildFile; fileRef = 95E8CDE1217F4DC500C4C164 /* LaunchScreen.storyboard */; };
		95E8CDEE217F4FA400C4C164 /* TracerImageView.swift in Sources */ = {isa = PBXBuildFile; fileRef = 95E8CDED217F4FA400C4C164 /* TracerImageView.swift */; };
		95E8CDF2217F506E00C4C164 /* PointCollection.swift in Sources */ = {isa = PBXBuildFile; fileRef = 95E8CDF1217F506E00C4C164 /* PointCollection.swift */; };
		95E8CDF7217F7F1F00C4C164 /* UIImageViewExtension.swift in Sources */ = {isa = PBXBuildFile; fileRef = 95E8CDF6217F7F1F00C4C164 /* UIImageViewExtension.swift */; };
		95ECE0B9218021BF001D383B /* TracerImageViewModel.swift in Sources */ = {isa = PBXBuildFile; fileRef = 95ECE0B8218021BF001D383B /* TracerImageViewModel.swift */; };
		95ECE0BB21802D20001D383B /* UIViewExtension.swift in Sources */ = {isa = PBXBuildFile; fileRef = 95ECE0BA21802D20001D383B /* UIViewExtension.swift */; };
/* End PBXBuildFile section */

/* Begin PBXFileReference section */
		4CBEF972EC38E168D7F7F957 /* Pods_tinytap.framework */ = {isa = PBXFileReference; explicitFileType = wrapper.framework; includeInIndex = 0; path = Pods_tinytap.framework; sourceTree = BUILT_PRODUCTS_DIR; };
		95E8CDD5217F4DC300C4C164 /* tinytap.app */ = {isa = PBXFileReference; explicitFileType = wrapper.application; includeInIndex = 0; path = tinytap.app; sourceTree = BUILT_PRODUCTS_DIR; };
		95E8CDD8217F4DC300C4C164 /* AppDelegate.swift */ = {isa = PBXFileReference; lastKnownFileType = sourcecode.swift; path = AppDelegate.swift; sourceTree = "<group>"; };
		95E8CDDA217F4DC300C4C164 /* ViewController.swift */ = {isa = PBXFileReference; lastKnownFileType = sourcecode.swift; path = ViewController.swift; sourceTree = "<group>"; };
		95E8CDDD217F4DC300C4C164 /* Base */ = {isa = PBXFileReference; lastKnownFileType = file.storyboard; name = Base; path = Base.lproj/Main.storyboard; sourceTree = "<group>"; };
		95E8CDDF217F4DC500C4C164 /* Assets.xcassets */ = {isa = PBXFileReference; lastKnownFileType = folder.assetcatalog; path = Assets.xcassets; sourceTree = "<group>"; };
		95E8CDE2217F4DC500C4C164 /* Base */ = {isa = PBXFileReference; lastKnownFileType = file.storyboard; name = Base; path = Base.lproj/LaunchScreen.storyboard; sourceTree = "<group>"; };
		95E8CDE4217F4DC500C4C164 /* Info.plist */ = {isa = PBXFileReference; lastKnownFileType = text.plist.xml; path = Info.plist; sourceTree = "<group>"; };
		95E8CDED217F4FA400C4C164 /* TracerImageView.swift */ = {isa = PBXFileReference; lastKnownFileType = sourcecode.swift; path = TracerImageView.swift; sourceTree = "<group>"; };
		95E8CDF1217F506E00C4C164 /* PointCollection.swift */ = {isa = PBXFileReference; lastKnownFileType = sourcecode.swift; path = PointCollection.swift; sourceTree = "<group>"; };
		95E8CDF6217F7F1F00C4C164 /* UIImageViewExtension.swift */ = {isa = PBXFileReference; lastKnownFileType = sourcecode.swift; path = UIImageViewExtension.swift; sourceTree = "<group>"; };
		95ECE0B8218021BF001D383B /* TracerImageViewModel.swift */ = {isa = PBXFileReference; lastKnownFileType = sourcecode.swift; path = TracerImageViewModel.swift; sourceTree = "<group>"; };
		95ECE0BA21802D20001D383B /* UIViewExtension.swift */ = {isa = PBXFileReference; lastKnownFileType = sourcecode.swift; path = UIViewExtension.swift; sourceTree = "<group>"; };
		9FEE3D5736FCCD6B68567F4E /* Pods-tinytap.debug.xcconfig */ = {isa = PBXFileReference; includeInIndex = 1; lastKnownFileType = text.xcconfig; name = "Pods-tinytap.debug.xcconfig"; path = "Pods/Target Support Files/Pods-tinytap/Pods-tinytap.debug.xcconfig"; sourceTree = "<group>"; };
		DF90B1FF9E6B786F3AFD96CF /* Pods-tinytap.release.xcconfig */ = {isa = PBXFileReference; includeInIndex = 1; lastKnownFileType = text.xcconfig; name = "Pods-tinytap.release.xcconfig"; path = "Pods/Target Support Files/Pods-tinytap/Pods-tinytap.release.xcconfig"; sourceTree = "<group>"; };
/* End PBXFileReference section */

/* Begin PBXFrameworksBuildPhase section */
		95E8CDD2217F4DC300C4C164 /* Frameworks */ = {
			isa = PBXFrameworksBuildPhase;
			buildActionMask = 2147483647;
			files = (
				2508F17CC7F37A7307BCE1C9 /* Pods_tinytap.framework in Frameworks */,
			);
			runOnlyForDeploymentPostprocessing = 0;
		};
/* End PBXFrameworksBuildPhase section */

/* Begin PBXGroup section */
		619E784E6BF86A7A44BD2EE2 /* Pods */ = {
			isa = PBXGroup;
			children = (
				9FEE3D5736FCCD6B68567F4E /* Pods-tinytap.debug.xcconfig */,
				DF90B1FF9E6B786F3AFD96CF /* Pods-tinytap.release.xcconfig */,
			);
			name = Pods;
			sourceTree = "<group>";
		};
		95E8CDCC217F4DC300C4C164 = {
			isa = PBXGroup;
			children = (
				95E8CDD7217F4DC300C4C164 /* tinytap */,
				95E8CDD6217F4DC300C4C164 /* Products */,
				619E784E6BF86A7A44BD2EE2 /* Pods */,
				B8366738AE412F6F144F497E /* Frameworks */,
			);
			sourceTree = "<group>";
		};
		95E8CDD6217F4DC300C4C164 /* Products */ = {
			isa = PBXGroup;
			children = (
				95E8CDD5217F4DC300C4C164 /* tinytap.app */,
			);
			name = Products;
			sourceTree = "<group>";
		};
		95E8CDD7217F4DC300C4C164 /* tinytap */ = {
			isa = PBXGroup;
			children = (
				95E8CDF3217F54EF00C4C164 /* Extensions */,
				95E8CDEC217F4E4200C4C164 /* Model */,
				95E8CDEB217F4E2600C4C164 /* ViewModel */,
				95E8CDEA217F4E1100C4C164 /* View */,
				95E8CDD8217F4DC300C4C164 /* AppDelegate.swift */,
				95E8CDDA217F4DC300C4C164 /* ViewController.swift */,
				95E8CDDC217F4DC300C4C164 /* Main.storyboard */,
				95E8CDDF217F4DC500C4C164 /* Assets.xcassets */,
				95E8CDE1217F4DC500C4C164 /* LaunchScreen.storyboard */,
				95E8CDE4217F4DC500C4C164 /* Info.plist */,
			);
			path = tinytap;
			sourceTree = "<group>";
		};
		95E8CDEA217F4E1100C4C164 /* View */ = {
			isa = PBXGroup;
			children = (
				95E8CDED217F4FA400C4C164 /* TracerImageView.swift */,
			);
			path = View;
			sourceTree = "<group>";
		};
		95E8CDEB217F4E2600C4C164 /* ViewModel */ = {
			isa = PBXGroup;
			children = (
				95ECE0B8218021BF001D383B /* TracerImageViewModel.swift */,
			);
			path = ViewModel;
			sourceTree = "<group>";
		};
		95E8CDEC217F4E4200C4C164 /* Model */ = {
			isa = PBXGroup;
			children = (
				95E8CDF1217F506E00C4C164 /* PointCollection.swift */,
			);
			path = Model;
			sourceTree = "<group>";
		};
		95E8CDF3217F54EF00C4C164 /* Extensions */ = {
			isa = PBXGroup;
			children = (
				95E8CDF6217F7F1F00C4C164 /* UIImageViewExtension.swift */,
				95ECE0BA21802D20001D383B /* UIViewExtension.swift */,
			);
			path = Extensions;
			sourceTree = "<group>";
		};
		B8366738AE412F6F144F497E /* Frameworks */ = {
			isa = PBXGroup;
			children = (
				4CBEF972EC38E168D7F7F957 /* Pods_tinytap.framework */,
			);
			name = Frameworks;
			sourceTree = "<group>";
		};
/* End PBXGroup section */

/* Begin PBXNativeTarget section */
		95E8CDD4217F4DC300C4C164 /* tinytap */ = {
			isa = PBXNativeTarget;
			buildConfigurationList = 95E8CDE7217F4DC500C4C164 /* Build configuration list for PBXNativeTarget "tinytap" */;
			buildPhases = (
				BF016572296B0307AD624597 /* [CP] Check Pods Manifest.lock */,
				95E8CDD1217F4DC300C4C164 /* Sources */,
				95E8CDD2217F4DC300C4C164 /* Frameworks */,
				95E8CDD3217F4DC300C4C164 /* Resources */,
				CD2421E5C584E2F3BC98A9DC /* [CP] Embed Pods Frameworks */,
				998F986FA954B3226283B643 /* [CP] Copy Pods Resources */,
			);
			buildRules = (
			);
			dependencies = (
			);
			name = tinytap;
			productName = tinytap;
			productReference = 95E8CDD5217F4DC300C4C164 /* tinytap.app */;
			productType = "com.apple.product-type.application";
		};
/* End PBXNativeTarget section */

/* Begin PBXProject section */
		95E8CDCD217F4DC300C4C164 /* Project object */ = {
			isa = PBXProject;
			attributes = {
				LastSwiftUpdateCheck = 1000;
				LastUpgradeCheck = 1000;
				ORGANIZATIONNAME = "Dov Goldberg";
				TargetAttributes = {
					95E8CDD4217F4DC300C4C164 = {
						CreatedOnToolsVersion = 10.0;
					};
				};
			};
			buildConfigurationList = 95E8CDD0217F4DC300C4C164 /* Build configuration list for PBXProject "tinytap" */;
			compatibilityVersion = "Xcode 9.3";
			developmentRegion = en;
			hasScannedForEncodings = 0;
			knownRegions = (
				en,
				Base,
			);
			mainGroup = 95E8CDCC217F4DC300C4C164;
			productRefGroup = 95E8CDD6217F4DC300C4C164 /* Products */;
			projectDirPath = "";
			projectRoot = "";
			targets = (
				95E8CDD4217F4DC300C4C164 /* tinytap */,
			);
		};
/* End PBXProject section */

/* Begin PBXResourcesBuildPhase section */
		95E8CDD3217F4DC300C4C164 /* Resources */ = {
			isa = PBXResourcesBuildPhase;
			buildActionMask = 2147483647;
			files = (
				95E8CDE3217F4DC500C4C164 /* LaunchScreen.storyboard in Resources */,
				95E8CDE0217F4DC500C4C164 /* Assets.xcassets in Resources */,
				95E8CDDE217F4DC300C4C164 /* Main.storyboard in Resources */,
			);
			runOnlyForDeploymentPostprocessing = 0;
		};
/* End PBXResourcesBuildPhase section */

/* Begin PBXShellScriptBuildPhase section */
		998F986FA954B3226283B643 /* [CP] Copy Pods Resources */ = {
			isa = PBXShellScriptBuildPhase;
			buildActionMask = 2147483647;
			files = (
			);
			inputPaths = (
			);
			name = "[CP] Copy Pods Resources";
			outputPaths = (
			);
			runOnlyForDeploymentPostprocessing = 0;
			shellPath = /bin/sh;
			shellScript = "\"${SRCROOT}/Pods/Target Support Files/Pods-tinytap/Pods-tinytap-resources.sh\"\n";
			showEnvVarsInLog = 0;
		};
		BF016572296B0307AD624597 /* [CP] Check Pods Manifest.lock */ = {
			isa = PBXShellScriptBuildPhase;
			buildActionMask = 2147483647;
			files = (
			);
			inputPaths = (
				"${PODS_PODFILE_DIR_PATH}/Podfile.lock",
				"${PODS_ROOT}/Manifest.lock",
			);
			name = "[CP] Check Pods Manifest.lock";
			outputPaths = (
				"$(DERIVED_FILE_DIR)/Pods-tinytap-checkManifestLockResult.txt",
			);
			runOnlyForDeploymentPostprocessing = 0;
			shellPath = /bin/sh;
			shellScript = "diff \"${PODS_PODFILE_DIR_PATH}/Podfile.lock\" \"${PODS_ROOT}/Manifest.lock\" > /dev/null\nif [ $? != 0 ] ; then\n    # print error to STDERR\n    echo \"error: The sandbox is not in sync with the Podfile.lock. Run 'pod install' or update your CocoaPods installation.\" >&2\n    exit 1\nfi\n# This output is used by Xcode 'outputs' to avoid re-running this script phase.\necho \"SUCCESS\" > \"${SCRIPT_OUTPUT_FILE_0}\"\n";
			showEnvVarsInLog = 0;
		};
		CD2421E5C584E2F3BC98A9DC /* [CP] Embed Pods Frameworks */ = {
			isa = PBXShellScriptBuildPhase;
			buildActionMask = 2147483647;
			files = (
			);
			inputPaths = (
				"${SRCROOT}/Pods/Target Support Files/Pods-tinytap/Pods-tinytap-frameworks.sh",
				"${BUILT_PRODUCTS_DIR}/DragDropUI/DragDropUI.framework",
			);
			name = "[CP] Embed Pods Frameworks";
			outputPaths = (
				"${TARGET_BUILD_DIR}/${FRAMEWORKS_FOLDER_PATH}/DragDropUI.framework",
			);
			runOnlyForDeploymentPostprocessing = 0;
			shellPath = /bin/sh;
			shellScript = "\"${SRCROOT}/Pods/Target Support Files/Pods-tinytap/Pods-tinytap-frameworks.sh\"\n";
			showEnvVarsInLog = 0;
		};
/* End PBXShellScriptBuildPhase section */

/* Begin PBXSourcesBuildPhase section */
		95E8CDD1217F4DC300C4C164 /* Sources */ = {
			isa = PBXSourcesBuildPhase;
			buildActionMask = 2147483647;
			files = (
				95E8CDF7217F7F1F00C4C164 /* UIImageViewExtension.swift in Sources */,
				95ECE0B9218021BF001D383B /* TracerImageViewModel.swift in Sources */,
				95E8CDDB217F4DC300C4C164 /* ViewController.swift in Sources */,
				95E8CDEE217F4FA400C4C164 /* TracerImageView.swift in Sources */,
				95ECE0BB21802D20001D383B /* UIViewExtension.swift in Sources */,
				95E8CDF2217F506E00C4C164 /* PointCollection.swift in Sources */,
				95E8CDD9217F4DC300C4C164 /* AppDelegate.swift in Sources */,
			);
			runOnlyForDeploymentPostprocessing = 0;
		};
/* End PBXSourcesBuildPhase section */

/* Begin PBXVariantGroup section */
		95E8CDDC217F4DC300C4C164 /* Main.storyboard */ = {
			isa = PBXVariantGroup;
			children = (
				95E8CDDD217F4DC300C4C164 /* Base */,
			);
			name = Main.storyboard;
			sourceTree = "<group>";
		};
		95E8CDE1217F4DC500C4C164 /* LaunchScreen.storyboard */ = {
			isa = PBXVariantGroup;
			children = (
				95E8CDE2217F4DC500C4C164 /* Base */,
			);
			name = LaunchScreen.storyboard;
			sourceTree = "<group>";
		};
/* End PBXVariantGroup section */

/* Begin XCBuildConfiguration section */
		95E8CDE5217F4DC500C4C164 /* Debug */ = {
			isa = XCBuildConfiguration;
			buildSettings = {
				ALWAYS_SEARCH_USER_PATHS = NO;
				CLANG_ANALYZER_NONNULL = YES;
				CLANG_ANALYZER_NUMBER_OBJECT_CONVERSION = YES_AGGRESSIVE;
				CLANG_CXX_LANGUAGE_STANDARD = "gnu++14";
				CLANG_CXX_LIBRARY = "libc++";
				CLANG_ENABLE_MODULES = YES;
				CLANG_ENABLE_OBJC_ARC = YES;
				CLANG_ENABLE_OBJC_WEAK = YES;
				CLANG_WARN_BLOCK_CAPTURE_AUTORELEASING = YES;
				CLANG_WARN_BOOL_CONVERSION = YES;
				CLANG_WARN_COMMA = YES;
				CLANG_WARN_CONSTANT_CONVERSION = YES;
				CLANG_WARN_DEPRECATED_OBJC_IMPLEMENTATIONS = YES;
				CLANG_WARN_DIRECT_OBJC_ISA_USAGE = YES_ERROR;
				CLANG_WARN_DOCUMENTATION_COMMENTS = YES;
				CLANG_WARN_EMPTY_BODY = YES;
				CLANG_WARN_ENUM_CONVERSION = YES;
				CLANG_WARN_INFINITE_RECURSION = YES;
				CLANG_WARN_INT_CONVERSION = YES;
				CLANG_WARN_NON_LITERAL_NULL_CONVERSION = YES;
				CLANG_WARN_OBJC_IMPLICIT_RETAIN_SELF = YES;
				CLANG_WARN_OBJC_LITERAL_CONVERSION = YES;
				CLANG_WARN_OBJC_ROOT_CLASS = YES_ERROR;
				CLANG_WARN_RANGE_LOOP_ANALYSIS = YES;
				CLANG_WARN_STRICT_PROTOTYPES = YES;
				CLANG_WARN_SUSPICIOUS_MOVE = YES;
				CLANG_WARN_UNGUARDED_AVAILABILITY = YES_AGGRESSIVE;
				CLANG_WARN_UNREACHABLE_CODE = YES;
				CLANG_WARN__DUPLICATE_METHOD_MATCH = YES;
				CODE_SIGN_IDENTITY = "iPhone Developer";
				COPY_PHASE_STRIP = NO;
				DEBUG_INFORMATION_FORMAT = dwarf;
				ENABLE_STRICT_OBJC_MSGSEND = YES;
				ENABLE_TESTABILITY = YES;
				GCC_C_LANGUAGE_STANDARD = gnu11;
				GCC_DYNAMIC_NO_PIC = NO;
				GCC_NO_COMMON_BLOCKS = YES;
				GCC_OPTIMIZATION_LEVEL = 0;
				GCC_PREPROCESSOR_DEFINITIONS = (
					"DEBUG=1",
					"$(inherited)",
				);
				GCC_WARN_64_TO_32_BIT_CONVERSION = YES;
				GCC_WARN_ABOUT_RETURN_TYPE = YES_ERROR;
				GCC_WARN_UNDECLARED_SELECTOR = YES;
				GCC_WARN_UNINITIALIZED_AUTOS = YES_AGGRESSIVE;
				GCC_WARN_UNUSED_FUNCTION = YES;
				GCC_WARN_UNUSED_VARIABLE = YES;
				IPHONEOS_DEPLOYMENT_TARGET = 12.0;
				MTL_ENABLE_DEBUG_INFO = INCLUDE_SOURCE;
				MTL_FAST_MATH = YES;
				ONLY_ACTIVE_ARCH = YES;
				SDKROOT = iphoneos;
				SWIFT_ACTIVE_COMPILATION_CONDITIONS = DEBUG;
				SWIFT_OPTIMIZATION_LEVEL = "-Onone";
			};
			name = Debug;
		};
		95E8CDE6217F4DC500C4C164 /* Release */ = {
			isa = XCBuildConfiguration;
			buildSettings = {
				ALWAYS_SEARCH_USER_PATHS = NO;
				CLANG_ANALYZER_NONNULL = YES;
				CLANG_ANALYZER_NUMBER_OBJECT_CONVERSION = YES_AGGRESSIVE;
				CLANG_CXX_LANGUAGE_STANDARD = "gnu++14";
				CLANG_CXX_LIBRARY = "libc++";
				CLANG_ENABLE_MODULES = YES;
				CLANG_ENABLE_OBJC_ARC = YES;
				CLANG_ENABLE_OBJC_WEAK = YES;
				CLANG_WARN_BLOCK_CAPTURE_AUTORELEASING = YES;
				CLANG_WARN_BOOL_CONVERSION = YES;
				CLANG_WARN_COMMA = YES;
				CLANG_WARN_CONSTANT_CONVERSION = YES;
				CLANG_WARN_DEPRECATED_OBJC_IMPLEMENTATIONS = YES;
				CLANG_WARN_DIRECT_OBJC_ISA_USAGE = YES_ERROR;
				CLANG_WARN_DOCUMENTATION_COMMENTS = YES;
				CLANG_WARN_EMPTY_BODY = YES;
				CLANG_WARN_ENUM_CONVERSION = YES;
				CLANG_WARN_INFINITE_RECURSION = YES;
				CLANG_WARN_INT_CONVERSION = YES;
				CLANG_WARN_NON_LITERAL_NULL_CONVERSION = YES;
				CLANG_WARN_OBJC_IMPLICIT_RETAIN_SELF = YES;
				CLANG_WARN_OBJC_LITERAL_CONVERSION = YES;
				CLANG_WARN_OBJC_ROOT_CLASS = YES_ERROR;
				CLANG_WARN_RANGE_LOOP_ANALYSIS = YES;
				CLANG_WARN_STRICT_PROTOTYPES = YES;
				CLANG_WARN_SUSPICIOUS_MOVE = YES;
				CLANG_WARN_UNGUARDED_AVAILABILITY = YES_AGGRESSIVE;
				CLANG_WARN_UNREACHABLE_CODE = YES;
				CLANG_WARN__DUPLICATE_METHOD_MATCH = YES;
				CODE_SIGN_IDENTITY = "iPhone Developer";
				COPY_PHASE_STRIP = NO;
				DEBUG_INFORMATION_FORMAT = "dwarf-with-dsym";
				ENABLE_NS_ASSERTIONS = NO;
				ENABLE_STRICT_OBJC_MSGSEND = YES;
				GCC_C_LANGUAGE_STANDARD = gnu11;
				GCC_NO_COMMON_BLOCKS = YES;
				GCC_WARN_64_TO_32_BIT_CONVERSION = YES;
				GCC_WARN_ABOUT_RETURN_TYPE = YES_ERROR;
				GCC_WARN_UNDECLARED_SELECTOR = YES;
				GCC_WARN_UNINITIALIZED_AUTOS = YES_AGGRESSIVE;
				GCC_WARN_UNUSED_FUNCTION = YES;
				GCC_WARN_UNUSED_VARIABLE = YES;
				IPHONEOS_DEPLOYMENT_TARGET = 12.0;
				MTL_ENABLE_DEBUG_INFO = NO;
				MTL_FAST_MATH = YES;
				SDKROOT = iphoneos;
				SWIFT_COMPILATION_MODE = wholemodule;
				SWIFT_OPTIMIZATION_LEVEL = "-O";
				VALIDATE_PRODUCT = YES;
			};
			name = Release;
		};
		95E8CDE8217F4DC500C4C164 /* Debug */ = {
			isa = XCBuildConfiguration;
			baseConfigurationReference = 9FEE3D5736FCCD6B68567F4E /* Pods-tinytap.debug.xcconfig */;
			buildSettings = {
				ASSETCATALOG_COMPILER_APPICON_NAME = AppIcon;
				CODE_SIGN_STYLE = Automatic;
				DEVELOPMENT_TEAM = P6W9W2T532;
				INFOPLIST_FILE = tinytap/Info.plist;
				IPHONEOS_DEPLOYMENT_TARGET = 11.3;
				LD_RUNPATH_SEARCH_PATHS = "$(inherited) @executable_path/Frameworks";
				PRODUCT_BUNDLE_IDENTIFIER = com.dov.tinytap;
				PRODUCT_NAME = "$(TARGET_NAME)";
				SWIFT_VERSION = 4.2;
				TARGETED_DEVICE_FAMILY = "1,2";
			};
			name = Debug;
		};
		95E8CDE9217F4DC500C4C164 /* Release */ = {
			isa = XCBuildConfiguration;
			baseConfigurationReference = DF90B1FF9E6B786F3AFD96CF /* Pods-tinytap.release.xcconfig */;
			buildSettings = {
				ASSETCATALOG_COMPILER_APPICON_NAME = AppIcon;
				CODE_SIGN_STYLE = Automatic;
				DEVELOPMENT_TEAM = P6W9W2T532;
				INFOPLIST_FILE = tinytap/Info.plist;
				IPHONEOS_DEPLOYMENT_TARGET = 11.3;
				LD_RUNPATH_SEARCH_PATHS = "$(inherited) @executable_path/Frameworks";
				PRODUCT_BUNDLE_IDENTIFIER = com.dov.tinytap;
				PRODUCT_NAME = "$(TARGET_NAME)";
				SWIFT_VERSION = 4.2;
				TARGETED_DEVICE_FAMILY = "1,2";
			};
			name = Release;
		};
/* End XCBuildConfiguration section */

/* Begin XCConfigurationList section */
		95E8CDD0217F4DC300C4C164 /* Build configuration list for PBXProject "tinytap" */ = {
			isa = XCConfigurationList;
			buildConfigurations = (
				95E8CDE5217F4DC500C4C164 /* Debug */,
				95E8CDE6217F4DC500C4C164 /* Release */,
			);
			defaultConfigurationIsVisible = 0;
			defaultConfigurationName = Release;
		};
		95E8CDE7217F4DC500C4C164 /* Build configuration list for PBXNativeTarget "tinytap" */ = {
			isa = XCConfigurationList;
			buildConfigurations = (
				95E8CDE8217F4DC500C4C164 /* Debug */,
				95E8CDE9217F4DC500C4C164 /* Release */,
			);
			defaultConfigurationIsVisible = 0;
			defaultConfigurationName = Release;
		};
/* End XCConfigurationList section */
	};
	rootObject = 95E8CDCD217F4DC300C4C164 /* Project object */;
}
